
Microsoft Visual Studio Solution File, Format Version 12.00
# Visual Studio Version 17
VisualStudioVersion = 17.2.32630.192
MinimumVisualStudioVersion = 10.0.40219.1
Project("{FAE04EC0-301F-11D3-BF4B-00C04F79EFBC}") = "JwtWebApiTutorial", "JwtWebApiTutorial\JwtWebApiTutorial.csproj", "{CA40DBC2-CB16-4E6D-94CB-A82513F7FD4D}"
EndProject
Global
	GlobalSection(SolutionConfigurationPlatforms) = preSolution
		Debug|Any CPU = Debug|Any CPU
		Release|Any CPU = Release|Any CPU
	EndGlobalSection
	GlobalSection(ProjectConfigurationPlatforms) = postSolution
		{CA40DBC2-CB16-4E6D-94CB-A82513F7FD4D}.Debug|Any CPU.ActiveCfg = Debug|Any CPU
		{CA40DBC2-CB16-4E6D-94CB-A82513F7FD4D}.Debug|Any CPU.Build.0 = Debug|Any CPU
		{CA40DBC2-CB16-4E6D-94CB-A82513F7FD4D}.Release|Any CPU.ActiveCfg = Release|Any CPU
		{CA40DBC2-CB16-4E6D-94CB-A82513F7FD4D}.Release|Any CPU.Build.0 = Release|Any CPU
	EndGlobalSection
	GlobalSection(SolutionProperties) = preSolution
		HideSolutionNode = FALSE
	EndGlobalSection
	GlobalSection(ExtensibilityGlobals) = postSolution
		SolutionGuid = {12938D31-A844-4A7A-8D26-5579F4D02E12}
	EndGlobalSection
EndGlobal
